<?xml version="1.0" encoding="utf-8"?>
<Project ToolsVersion="4.0" xmlns="http://schemas.microsoft.com/developer/msbuild/2003">
  <ItemGroup>
    <ClCompile Include="DebugUtils.cpp" />
    <ClCompile Include="ScreenLog.cpp" />
    <ClCompile Include="..\..\third-party\plugin-sdk\plugin_sa\game_sa\RenderWare.cpp">
      <Filter>plugin_sdk</Filter>
    </ClCompile>
    <ClCompile Include="..\..\third-party\plugin-sdk\plugin_sa\game_sa\CTimer.cpp">
      <Filter>plugin_sdk</Filter>
    </ClCompile>
    <ClCompile Include="..\..\third-party\plugin-sdk\shared\game\CRGBA.cpp">
      <Filter>plugin_sdk</Filter>
    </ClCompile>
    <ClCompile Include="..\..\third-party\plugin-sdk\plugin_sa\game_sa\CFont.cpp">
      <Filter>plugin_sdk</Filter>
    </ClCompile>
    <ClCompile Include="..\..\third-party\plugin-sdk\plugin_sa\game_sa\CMessages.cpp">
      <Filter>plugin_sdk</Filter>
    </ClCompile>
    <ClCompile Include="..\..\third-party\plugin-sdk\shared\GameVersion.cpp">
      <Filter>plugin_sdk</Filter>
    </ClCompile>
    <ClCompile Include="..\..\third-party\plugin-sdk\shared\DynAddress.cpp">
      <Filter>plugin_sdk</Filter>
    </ClCompile>
    <ClCompile Include="..\..\third-party\plugin-sdk\shared\Patch.cpp">
      <Filter>plugin_sdk</Filter>
    </ClCompile>
    <ClCompile Include="..\..\source\OpcodeInfoDatabase.cpp">
      <Filter>cleo</Filter>
    </ClCompile>
    <ClCompile Include="ScriptLog.cpp" />
    <ClCompile Include="..\..\third-party\simdjson\simdjson.cpp">
      <Filter>cleo</Filter>
    </ClCompile>
    <ClCompile Include="..\..\third-party\plugin-sdk\plugin_sa\game_sa\CTheScripts.cpp">
      <Filter>plugin_sdk</Filter>
    </ClCompile>
    <ClCompile Include="..\..\third-party\plugin-sdk\plugin_sa\game_sa\CMenuManager.cpp">
      <Filter>plugin_sdk</Filter>
    </ClCompile>
    <ClCompile Include="..\..\third-party\plugin-sdk\plugin_sa\game_sa\CSprite2d.cpp">
      <Filter>plugin_sdk</Filter>
    </ClCompile>
    <ClCompile Include="..\..\third-party\plugin-sdk\plugin_sa\game_sa\CGame.cpp">
      <Filter>plugin_sdk</Filter>
    </ClCompile>
    <ClCompile Include="..\..\third-party\plugin-sdk\plugin_sa\game_sa\CCheat.cpp">
      <Filter>plugin_sdk</Filter>
    </ClCompile>
    <ClCompile Include="..\..\third-party\plugin-sdk\plugin_sa\game_sa\CHud.cpp">
      <Filter>plugin_sdk</Filter>
    </ClCompile>
    <ClCompile Include="..\..\source\crc32.cpp">
      <Filter>cleo</Filter>
    </ClCompile>
    <ClCompile Include="..\..\third-party\plugin-sdk\plugin_sa\game_sa\CRunningScript.cpp">
      <Filter>plugin_sdk</Filter>
    </ClCompile>
  </ItemGroup>
  <ItemGroup>
    <ClInclude Include="ScreenLog.h" />
    <ClInclude Include="..\..\cleo_sdk\CLEO.h">
      <Filter>cleo_sdk</Filter>
    </ClInclude>
    <ClInclude Include="..\..\cleo_sdk\CLEO_Utils.h">
      <Filter>cleo_sdk</Filter>
    </ClInclude>
    <ClInclude Include="ScriptLog.h" />
    <ClInclude Include="..\..\source\OpcodeInfoDatabase.h">
      <Filter>cleo</Filter>
    </ClInclude>
  </ItemGroup>
  <ItemGroup>
    <Filter Include="plugin_sdk">
      <UniqueIdentifier>{296646eb-cf0f-4ce8-81bc-b9de4fa37b9f}</UniqueIdentifier>
    </Filter>
    <Filter Include="cleo_sdk">
      <UniqueIdentifier>{7293454f-2941-4f6c-b0d3-b52d27a88286}</UniqueIdentifier>
    </Filter>
    <Filter Include="cleo">
      <UniqueIdentifier>{f527128d-5d4d-487f-83d3-928f3a163800}</UniqueIdentifier>
    </Filter>
  </ItemGroup>
  <ItemGroup>
    <None Include="SA.DebugUtils.ini" />
  </ItemGroup>
  <ItemGroup>
    <ResourceCompile Include="..\Resource.rc" />
  </ItemGroup>
</Project>